
Microsoft Visual Studio Solution File, Format Version 12.00
# Visual Studio 15
VisualStudioVersion = 15.0.27703.2026
MinimumVisualStudioVersion = 10.0.40219.1
Project("{8BC9CEB8-8B4A-11D0-8D11-00A0C91BC942}") = "lab5_CarlosAndresVargasOrue", "lab5_CarlosAndresVargasOrue\lab5_CarlosAndresVargasOrue.vcxproj", "{93238E67-2C2C-4FAE-AF7C-6B06885D790F}"
EndProject
Global
	GlobalSection(SolutionConfigurationPlatforms) = preSolution
		Debug|x64 = Debug|x64
		Debug|x86 = Debug|x86
		Release|x64 = Release|x64
		Release|x86 = Release|x86
	EndGlobalSection
	GlobalSection(ProjectConfigurationPlatforms) = postSolution
		{93238E67-2C2C-4FAE-AF7C-6B06885D790F}.Debug|x64.ActiveCfg = Debug|x64
		{93238E67-2C2C-4FAE-AF7C-6B06885D790F}.Debug|x64.Build.0 = Debug|x64
		{93238E67-2C2C-4FAE-AF7C-6B06885D790F}.Debug|x86.ActiveCfg = Debug|Win32
		{93238E67-2C2C-4FAE-AF7C-6B06885D790F}.Debug|x86.Build.0 = Debug|Win32
		{93238E67-2C2C-4FAE-AF7C-6B06885D790F}.Release|x64.ActiveCfg = Release|x64
		{93238E67-2C2C-4FAE-AF7C-6B06885D790F}.Release|x64.Build.0 = Release|x64
		{93238E67-2C2C-4FAE-AF7C-6B06885D790F}.Release|x86.ActiveCfg = Release|Win32
		{93238E67-2C2C-4FAE-AF7C-6B06885D790F}.Release|x86.Build.0 = Release|Win32
	EndGlobalSection
	GlobalSection(SolutionProperties) = preSolution
		HideSolutionNode = FALSE
	EndGlobalSection
	GlobalSection(ExtensibilityGlobals) = postSolution
		SolutionGuid = {1A99BD0D-C486-4B86-AB6F-568D38763209}
	EndGlobalSection
EndGlobal
