
Microsoft Visual Studio Solution File, Format Version 12.00
# Visual Studio 15
VisualStudioVersion = 15.0.28010.0
MinimumVisualStudioVersion = 10.0.40219.1
Project("{8BC9CEB8-8B4A-11D0-8D11-00A0C91BC942}") = "ejercicio 5", "ejercicio 5\ejercicio 5.vcxproj", "{73847333-EB32-403A-86D5-1C4ABA747587}"
EndProject
Global
	GlobalSection(SolutionConfigurationPlatforms) = preSolution
		Debug|x64 = Debug|x64
		Debug|x86 = Debug|x86
		Release|x64 = Release|x64
		Release|x86 = Release|x86
	EndGlobalSection
	GlobalSection(ProjectConfigurationPlatforms) = postSolution
		{73847333-EB32-403A-86D5-1C4ABA747587}.Debug|x64.ActiveCfg = Debug|x64
		{73847333-EB32-403A-86D5-1C4ABA747587}.Debug|x64.Build.0 = Debug|x64
		{73847333-EB32-403A-86D5-1C4ABA747587}.Debug|x86.ActiveCfg = Debug|Win32
		{73847333-EB32-403A-86D5-1C4ABA747587}.Debug|x86.Build.0 = Debug|Win32
		{73847333-EB32-403A-86D5-1C4ABA747587}.Release|x64.ActiveCfg = Release|x64
		{73847333-EB32-403A-86D5-1C4ABA747587}.Release|x64.Build.0 = Release|x64
		{73847333-EB32-403A-86D5-1C4ABA747587}.Release|x86.ActiveCfg = Release|Win32
		{73847333-EB32-403A-86D5-1C4ABA747587}.Release|x86.Build.0 = Release|Win32
	EndGlobalSection
	GlobalSection(SolutionProperties) = preSolution
		HideSolutionNode = FALSE
	EndGlobalSection
	GlobalSection(ExtensibilityGlobals) = postSolution
		SolutionGuid = {70089407-D443-4455-B9FF-E36D0D233C75}
	EndGlobalSection
EndGlobal
