
Microsoft Visual Studio Solution File, Format Version 12.00
# Visual Studio 2013
VisualStudioVersion = 12.0.40629.0
MinimumVisualStudioVersion = 10.0.40219.1
Project("{FAE04EC0-301F-11D3-BF4B-00C04F79EFBC}") = "Recursividad-Suma de Vector", "Recursividad-Suma de Vector\Recursividad-Suma de Vector.csproj", "{DAFD14C6-3853-4916-8C06-EE9997E02566}"
EndProject
Global
	GlobalSection(SolutionConfigurationPlatforms) = preSolution
		Debug|Any CPU = Debug|Any CPU
		Release|Any CPU = Release|Any CPU
	EndGlobalSection
	GlobalSection(ProjectConfigurationPlatforms) = postSolution
		{DAFD14C6-3853-4916-8C06-EE9997E02566}.Debug|Any CPU.ActiveCfg = Debug|Any CPU
		{DAFD14C6-3853-4916-8C06-EE9997E02566}.Debug|Any CPU.Build.0 = Debug|Any CPU
		{DAFD14C6-3853-4916-8C06-EE9997E02566}.Release|Any CPU.ActiveCfg = Release|Any CPU
		{DAFD14C6-3853-4916-8C06-EE9997E02566}.Release|Any CPU.Build.0 = Release|Any CPU
	EndGlobalSection
	GlobalSection(SolutionProperties) = preSolution
		HideSolutionNode = FALSE
	EndGlobalSection
EndGlobal
