
Microsoft Visual Studio Solution File, Format Version 12.00
# Visual Studio 15
VisualStudioVersion = 15.0.28010.0
MinimumVisualStudioVersion = 10.0.40219.1
Project("{FAE04EC0-301F-11D3-BF4B-00C04F79EFBC}") = "WindowsFormsApp1", "WindowsFormsApp1\WindowsFormsApp1.csproj", "{134544A9-8EB0-445E-AA48-B976071A90B7}"
EndProject
Global
	GlobalSection(SolutionConfigurationPlatforms) = preSolution
		Debug|Any CPU = Debug|Any CPU
		Release|Any CPU = Release|Any CPU
	EndGlobalSection
	GlobalSection(ProjectConfigurationPlatforms) = postSolution
		{134544A9-8EB0-445E-AA48-B976071A90B7}.Debug|Any CPU.ActiveCfg = Debug|Any CPU
		{134544A9-8EB0-445E-AA48-B976071A90B7}.Debug|Any CPU.Build.0 = Debug|Any CPU
		{134544A9-8EB0-445E-AA48-B976071A90B7}.Release|Any CPU.ActiveCfg = Release|Any CPU
		{134544A9-8EB0-445E-AA48-B976071A90B7}.Release|Any CPU.Build.0 = Release|Any CPU
	EndGlobalSection
	GlobalSection(SolutionProperties) = preSolution
		HideSolutionNode = FALSE
	EndGlobalSection
	GlobalSection(ExtensibilityGlobals) = postSolution
		SolutionGuid = {AED87CCC-CCCA-49C5-8944-65CC774CFDFF}
	EndGlobalSection
EndGlobal
