
Microsoft Visual Studio Solution File, Format Version 12.00
# Visual Studio 15
VisualStudioVersion = 15.0.28010.0
MinimumVisualStudioVersion = 10.0.40219.1
Project("{FAE04EC0-301F-11D3-BF4B-00C04F79EFBC}") = "Lista Enlazada", "Lista Enlazada\Lista Enlazada.csproj", "{BBBFD7D5-4D66-48E9-9100-424EC7F375CD}"
EndProject
Global
	GlobalSection(SolutionConfigurationPlatforms) = preSolution
		Debug|Any CPU = Debug|Any CPU
		Release|Any CPU = Release|Any CPU
	EndGlobalSection
	GlobalSection(ProjectConfigurationPlatforms) = postSolution
		{BBBFD7D5-4D66-48E9-9100-424EC7F375CD}.Debug|Any CPU.ActiveCfg = Debug|Any CPU
		{BBBFD7D5-4D66-48E9-9100-424EC7F375CD}.Debug|Any CPU.Build.0 = Debug|Any CPU
		{BBBFD7D5-4D66-48E9-9100-424EC7F375CD}.Release|Any CPU.ActiveCfg = Release|Any CPU
		{BBBFD7D5-4D66-48E9-9100-424EC7F375CD}.Release|Any CPU.Build.0 = Release|Any CPU
	EndGlobalSection
	GlobalSection(SolutionProperties) = preSolution
		HideSolutionNode = FALSE
	EndGlobalSection
	GlobalSection(ExtensibilityGlobals) = postSolution
		SolutionGuid = {4D80BB56-FEA6-4041-A7E4-2C0FF15E452F}
	EndGlobalSection
EndGlobal
